# This file is automatically @generated by Cargo.
# It is not intended for manual editing.
version = 4

[[package]]
name = "app"
version = "0.1.0"
dependencies = [
 "manual-core",
]

[[package]]
name = "cli"
version = "0.1.0"
dependencies = [
 "manual-core",
]

[[package]]
name = "manual-core"
version = "0.1.0"

[[package]]
name = "skill"
version = "0.1.0"
dependencies = [
 "cli",
]
