# This file is automatically @generated by Cargo.
# It is not intended for manual editing.
version = 4

[[package]]
name = "manual-agent"
version = "0.1.0"

[[package]]
name = "manual-sandbox"
version = "0.1.0"

[[package]]
name = "manual-worflow"
version = "0.1.0"
dependencies = [
 "manual-agent",
]
